// !$*UTF8*$!
{
	archiveVersion = 1;
	classes = {
	};
	objectVersion = 56;
	objects = {

/* Begin PBXBuildFile section */
		49445E822934771B00BF4119 /* Fetcher.swift in Sources */ = {isa = PBXBuildFile; fileRef = 49445E812934771B00BF4119 /* Fetcher.swift */; };
		49445E872934C03100BF4119 /* NetworkClient in Frameworks */ = {isa = PBXBuildFile; productRef = 49445E862934C03100BF4119 /* NetworkClient */; };
		4953AF5C29225293007039E2 /* QuoteView.swift in Sources */ = {isa = PBXBuildFile; fileRef = 4953AF5B29225293007039E2 /* QuoteView.swift */; };
		4953AF6029225EA5007039E2 /* PawsView.swift in Sources */ = {isa = PBXBuildFile; fileRef = 4953AF5F29225EA5007039E2 /* PawsView.swift */; };
		4953AF6229226825007039E2 /* Quote.swift in Sources */ = {isa = PBXBuildFile; fileRef = 4953AF6129226825007039E2 /* Quote.swift */; };
		4953AF6429229158007039E2 /* GradientButtonStyle.swift in Sources */ = {isa = PBXBuildFile; fileRef = 4953AF6329229158007039E2 /* GradientButtonStyle.swift */; };
		4953AF67292295CA007039E2 /* SeeAllCoordinator.swift in Sources */ = {isa = PBXBuildFile; fileRef = 4953AF66292295CA007039E2 /* SeeAllCoordinator.swift */; };
		4953AF69292295D1007039E2 /* SeeAllViewModel.swift in Sources */ = {isa = PBXBuildFile; fileRef = 4953AF68292295D1007039E2 /* SeeAllViewModel.swift */; };
		4953AF6B292295D7007039E2 /* SeeAllViewController.swift in Sources */ = {isa = PBXBuildFile; fileRef = 4953AF6A292295D7007039E2 /* SeeAllViewController.swift */; };
		499B4E322920CE34001CCBA3 /* CatModel.swift in Sources */ = {isa = PBXBuildFile; fileRef = 499B4E312920CE34001CCBA3 /* CatModel.swift */; };
		499B4E38292127DE001CCBA3 /* Kingfisher in Frameworks */ = {isa = PBXBuildFile; productRef = 499B4E37292127DE001CCBA3 /* Kingfisher */; };
		499B4E3A2921401B001CCBA3 /* ImageSizeType.swift in Sources */ = {isa = PBXBuildFile; fileRef = 499B4E392921401B001CCBA3 /* ImageSizeType.swift */; };
		499B4E3D29220CAB001CCBA3 /* CollectionItem.swift in Sources */ = {isa = PBXBuildFile; fileRef = 499B4E3C29220CAB001CCBA3 /* CollectionItem.swift */; };
		499B4E3F29220CBF001CCBA3 /* CollectionSection.swift in Sources */ = {isa = PBXBuildFile; fileRef = 499B4E3E29220CBF001CCBA3 /* CollectionSection.swift */; };
		499B4E4129220CD0001CCBA3 /* DisplayItem.swift in Sources */ = {isa = PBXBuildFile; fileRef = 499B4E4029220CD0001CCBA3 /* DisplayItem.swift */; };
		499B4E43292235D4001CCBA3 /* HomeViewModel+LoadData.swift in Sources */ = {isa = PBXBuildFile; fileRef = 499B4E42292235D4001CCBA3 /* HomeViewModel+LoadData.swift */; };
		499B4E46292242BD001CCBA3 /* DetailsView.swift in Sources */ = {isa = PBXBuildFile; fileRef = 499B4E45292242BD001CCBA3 /* DetailsView.swift */; };
		499CBD15291F6B040062C58B /* AppDelegate.swift in Sources */ = {isa = PBXBuildFile; fileRef = 499CBD14291F6B040062C58B /* AppDelegate.swift */; };
		499CBD17291F6B040062C58B /* SceneDelegate.swift in Sources */ = {isa = PBXBuildFile; fileRef = 499CBD16291F6B040062C58B /* SceneDelegate.swift */; };
		499CBD1E291F6B050062C58B /* Assets.xcassets in Resources */ = {isa = PBXBuildFile; fileRef = 499CBD1D291F6B050062C58B /* Assets.xcassets */; };
		499CBD21291F6B050062C58B /* LaunchScreen.storyboard in Resources */ = {isa = PBXBuildFile; fileRef = 499CBD1F291F6B050062C58B /* LaunchScreen.storyboard */; };
		499CBD29291F777E0062C58B /* AppCoordinator.swift in Sources */ = {isa = PBXBuildFile; fileRef = 499CBD28291F777E0062C58B /* AppCoordinator.swift */; };
		499CBD2C291F788B0062C58B /* Coordinator.swift in Sources */ = {isa = PBXBuildFile; fileRef = 499CBD2B291F788B0062C58B /* Coordinator.swift */; };
		499CBD30291FA7A00062C58B /* Reusable.swift in Sources */ = {isa = PBXBuildFile; fileRef = 499CBD2F291FA7A00062C58B /* Reusable.swift */; };
		499CBD32291FA7B10062C58B /* UICollectionView.swift in Sources */ = {isa = PBXBuildFile; fileRef = 499CBD31291FA7B10062C58B /* UICollectionView.swift */; };
		499CBD34291FA7C00062C58B /* UICollectionReusableView.swift in Sources */ = {isa = PBXBuildFile; fileRef = 499CBD33291FA7C00062C58B /* UICollectionReusableView.swift */; };
		499CBD39291FEEA10062C58B /* HomeCoordinator.swift in Sources */ = {isa = PBXBuildFile; fileRef = 499CBD38291FEEA10062C58B /* HomeCoordinator.swift */; };
		499CBD3B291FEF0D0062C58B /* HomeViewModel.swift in Sources */ = {isa = PBXBuildFile; fileRef = 499CBD3A291FEF0D0062C58B /* HomeViewModel.swift */; };
		499CBD3D291FEF980062C58B /* HomeViewController.swift in Sources */ = {isa = PBXBuildFile; fileRef = 499CBD3C291FEF980062C58B /* HomeViewController.swift */; };
		499CBD40291FEFF60062C58B /* ImageCollectionViewCell.swift in Sources */ = {isa = PBXBuildFile; fileRef = 499CBD3F291FEFF60062C58B /* ImageCollectionViewCell.swift */; };
		499CBD42291FF01B0062C58B /* TitleCollectionHeaderSwiftUIView.swift in Sources */ = {isa = PBXBuildFile; fileRef = 499CBD41291FF01B0062C58B /* TitleCollectionHeaderSwiftUIView.swift */; };
		49ECACEE292323CF00712195 /* Database.swift in Sources */ = {isa = PBXBuildFile; fileRef = 49ECACED292323CF00712195 /* Database.swift */; };
		49ECACF029232EBC00712195 /* DiffabledDataSnapshotGeneratable.swift in Sources */ = {isa = PBXBuildFile; fileRef = 49ECACEF29232EBC00712195 /* DiffabledDataSnapshotGeneratable.swift */; };
		49ECACF229233BEE00712195 /* UIViewController.swift in Sources */ = {isa = PBXBuildFile; fileRef = 49ECACF129233BEE00712195 /* UIViewController.swift */; };
		49ECACF52923742000712195 /* NoNetworkConnectionView.swift in Sources */ = {isa = PBXBuildFile; fileRef = 49ECACF42923742000712195 /* NoNetworkConnectionView.swift */; };
		49ECACF72923777D00712195 /* NetworkMonitor.swift in Sources */ = {isa = PBXBuildFile; fileRef = 49ECACF62923777D00712195 /* NetworkMonitor.swift */; };
		49ECACFB292381A100712195 /* NetworkReflectableUIViewController.swift in Sources */ = {isa = PBXBuildFile; fileRef = 49ECACFA292381A100712195 /* NetworkReflectableUIViewController.swift */; };
/* End PBXBuildFile section */

/* Begin PBXFileReference section */
		49445E812934771B00BF4119 /* Fetcher.swift */ = {isa = PBXFileReference; lastKnownFileType = sourcecode.swift; path = Fetcher.swift; sourceTree = "<group>"; };
		49445E832934B24800BF4119 /* CalicoNetwork */ = {isa = PBXFileReference; lastKnownFileType = wrapper; path = CalicoNetwork; sourceTree = "<group>"; };
		4953AF5B29225293007039E2 /* QuoteView.swift */ = {isa = PBXFileReference; lastKnownFileType = sourcecode.swift; path = QuoteView.swift; sourceTree = "<group>"; };
		4953AF5F29225EA5007039E2 /* PawsView.swift */ = {isa = PBXFileReference; lastKnownFileType = sourcecode.swift; path = PawsView.swift; sourceTree = "<group>"; };
		4953AF6129226825007039E2 /* Quote.swift */ = {isa = PBXFileReference; lastKnownFileType = sourcecode.swift; path = Quote.swift; sourceTree = "<group>"; };
		4953AF6329229158007039E2 /* GradientButtonStyle.swift */ = {isa = PBXFileReference; lastKnownFileType = sourcecode.swift; path = GradientButtonStyle.swift; sourceTree = "<group>"; };
		4953AF66292295CA007039E2 /* SeeAllCoordinator.swift */ = {isa = PBXFileReference; lastKnownFileType = sourcecode.swift; path = SeeAllCoordinator.swift; sourceTree = "<group>"; };
		4953AF68292295D1007039E2 /* SeeAllViewModel.swift */ = {isa = PBXFileReference; lastKnownFileType = sourcecode.swift; path = SeeAllViewModel.swift; sourceTree = "<group>"; };
		4953AF6A292295D7007039E2 /* SeeAllViewController.swift */ = {isa = PBXFileReference; lastKnownFileType = sourcecode.swift; path = SeeAllViewController.swift; sourceTree = "<group>"; };
		499B4E312920CE34001CCBA3 /* CatModel.swift */ = {isa = PBXFileReference; lastKnownFileType = sourcecode.swift; path = CatModel.swift; sourceTree = "<group>"; };
		499B4E392921401B001CCBA3 /* ImageSizeType.swift */ = {isa = PBXFileReference; lastKnownFileType = sourcecode.swift; path = ImageSizeType.swift; sourceTree = "<group>"; };
		499B4E3C29220CAB001CCBA3 /* CollectionItem.swift */ = {isa = PBXFileReference; lastKnownFileType = sourcecode.swift; path = CollectionItem.swift; sourceTree = "<group>"; };
		499B4E3E29220CBF001CCBA3 /* CollectionSection.swift */ = {isa = PBXFileReference; lastKnownFileType = sourcecode.swift; path = CollectionSection.swift; sourceTree = "<group>"; };
		499B4E4029220CD0001CCBA3 /* DisplayItem.swift */ = {isa = PBXFileReference; lastKnownFileType = sourcecode.swift; path = DisplayItem.swift; sourceTree = "<group>"; };
		499B4E42292235D4001CCBA3 /* HomeViewModel+LoadData.swift */ = {isa = PBXFileReference; lastKnownFileType = sourcecode.swift; path = "HomeViewModel+LoadData.swift"; sourceTree = "<group>"; };
		499B4E45292242BD001CCBA3 /* DetailsView.swift */ = {isa = PBXFileReference; lastKnownFileType = sourcecode.swift; path = DetailsView.swift; sourceTree = "<group>"; };
		499CBD11291F6B040062C58B /* calico.app */ = {isa = PBXFileReference; explicitFileType = wrapper.application; includeInIndex = 0; path = calico.app; sourceTree = BUILT_PRODUCTS_DIR; };
		499CBD14291F6B040062C58B /* AppDelegate.swift */ = {isa = PBXFileReference; lastKnownFileType = sourcecode.swift; path = AppDelegate.swift; sourceTree = "<group>"; };
		499CBD16291F6B040062C58B /* SceneDelegate.swift */ = {isa = PBXFileReference; lastKnownFileType = sourcecode.swift; path = SceneDelegate.swift; sourceTree = "<group>"; };
		499CBD1D291F6B050062C58B /* Assets.xcassets */ = {isa = PBXFileReference; lastKnownFileType = folder.assetcatalog; path = Assets.xcassets; sourceTree = "<group>"; };
		499CBD20291F6B050062C58B /* Base */ = {isa = PBXFileReference; lastKnownFileType = file.storyboard; name = Base; path = Base.lproj/LaunchScreen.storyboard; sourceTree = "<group>"; };
		499CBD22291F6B050062C58B /* Info.plist */ = {isa = PBXFileReference; lastKnownFileType = text.plist.xml; path = Info.plist; sourceTree = "<group>"; };
		499CBD28291F777E0062C58B /* AppCoordinator.swift */ = {isa = PBXFileReference; lastKnownFileType = sourcecode.swift; path = AppCoordinator.swift; sourceTree = "<group>"; };
		499CBD2B291F788B0062C58B /* Coordinator.swift */ = {isa = PBXFileReference; lastKnownFileType = sourcecode.swift; path = Coordinator.swift; sourceTree = "<group>"; };
		499CBD2F291FA7A00062C58B /* Reusable.swift */ = {isa = PBXFileReference; lastKnownFileType = sourcecode.swift; path = Reusable.swift; sourceTree = "<group>"; };
		499CBD31291FA7B10062C58B /* UICollectionView.swift */ = {isa = PBXFileReference; lastKnownFileType = sourcecode.swift; path = UICollectionView.swift; sourceTree = "<group>"; };
		499CBD33291FA7C00062C58B /* UICollectionReusableView.swift */ = {isa = PBXFileReference; lastKnownFileType = sourcecode.swift; path = UICollectionReusableView.swift; sourceTree = "<group>"; };
		499CBD38291FEEA10062C58B /* HomeCoordinator.swift */ = {isa = PBXFileReference; lastKnownFileType = sourcecode.swift; path = HomeCoordinator.swift; sourceTree = "<group>"; };
		499CBD3A291FEF0D0062C58B /* HomeViewModel.swift */ = {isa = PBXFileReference; lastKnownFileType = sourcecode.swift; path = HomeViewModel.swift; sourceTree = "<group>"; };
		499CBD3C291FEF980062C58B /* HomeViewController.swift */ = {isa = PBXFileReference; lastKnownFileType = sourcecode.swift; path = HomeViewController.swift; sourceTree = "<group>"; };
		499CBD3F291FEFF60062C58B /* ImageCollectionViewCell.swift */ = {isa = PBXFileReference; lastKnownFileType = sourcecode.swift; path = ImageCollectionViewCell.swift; sourceTree = "<group>"; };
		499CBD41291FF01B0062C58B /* TitleCollectionHeaderSwiftUIView.swift */ = {isa = PBXFileReference; lastKnownFileType = sourcecode.swift; path = TitleCollectionHeaderSwiftUIView.swift; sourceTree = "<group>"; };
		49ECACED292323CF00712195 /* Database.swift */ = {isa = PBXFileReference; lastKnownFileType = sourcecode.swift; path = Database.swift; sourceTree = "<group>"; };
		49ECACEF29232EBC00712195 /* DiffabledDataSnapshotGeneratable.swift */ = {isa = PBXFileReference; lastKnownFileType = sourcecode.swift; path = DiffabledDataSnapshotGeneratable.swift; sourceTree = "<group>"; };
		49ECACF129233BEE00712195 /* UIViewController.swift */ = {isa = PBXFileReference; lastKnownFileType = sourcecode.swift; path = UIViewController.swift; sourceTree = "<group>"; };
		49ECACF42923742000712195 /* NoNetworkConnectionView.swift */ = {isa = PBXFileReference; lastKnownFileType = sourcecode.swift; path = NoNetworkConnectionView.swift; sourceTree = "<group>"; };
		49ECACF62923777D00712195 /* NetworkMonitor.swift */ = {isa = PBXFileReference; lastKnownFileType = sourcecode.swift; path = NetworkMonitor.swift; sourceTree = "<group>"; };
		49ECACFA292381A100712195 /* NetworkReflectableUIViewController.swift */ = {isa = PBXFileReference; lastKnownFileType = sourcecode.swift; path = NetworkReflectableUIViewController.swift; sourceTree = "<group>"; };
/* End PBXFileReference section */

/* Begin PBXFrameworksBuildPhase section */
		499CBD0E291F6B040062C58B /* Frameworks */ = {
			isa = PBXFrameworksBuildPhase;
			buildActionMask = 2147483647;
			files = (
				49445E872934C03100BF4119 /* NetworkClient in Frameworks */,
				499B4E38292127DE001CCBA3 /* Kingfisher in Frameworks */,
			);
			runOnlyForDeploymentPostprocessing = 0;
		};
/* End PBXFrameworksBuildPhase section */

/* Begin PBXGroup section */
		49445E842934B2AA00BF4119 /* Packages */ = {
			isa = PBXGroup;
			children = (
				49445E832934B24800BF4119 /* CalicoNetwork */,
			);
			path = Packages;
			sourceTree = "<group>";
		};
		49445E852934C03100BF4119 /* Frameworks */ = {
			isa = PBXGroup;
			children = (
			);
			name = Frameworks;
			sourceTree = "<group>";
		};
		4953AF6529229392007039E2 /* SeeAll */ = {
			isa = PBXGroup;
			children = (
				4953AF66292295CA007039E2 /* SeeAllCoordinator.swift */,
				4953AF68292295D1007039E2 /* SeeAllViewModel.swift */,
				4953AF6A292295D7007039E2 /* SeeAllViewController.swift */,
			);
			path = SeeAll;
			sourceTree = "<group>";
		};
		499B4E332920E5C5001CCBA3 /* Models */ = {
			isa = PBXGroup;
			children = (
				499B4E3E29220CBF001CCBA3 /* CollectionSection.swift */,
				499B4E3C29220CAB001CCBA3 /* CollectionItem.swift */,
				499B4E4029220CD0001CCBA3 /* DisplayItem.swift */,
				499B4E312920CE34001CCBA3 /* CatModel.swift */,
				499B4E392921401B001CCBA3 /* ImageSizeType.swift */,
			);
			path = Models;
			sourceTree = "<group>";
		};
		499B4E4429224003001CCBA3 /* Details */ = {
			isa = PBXGroup;
			children = (
				499B4E45292242BD001CCBA3 /* DetailsView.swift */,
				4953AF6329229158007039E2 /* GradientButtonStyle.swift */,
				4953AF5B29225293007039E2 /* QuoteView.swift */,
				4953AF5F29225EA5007039E2 /* PawsView.swift */,
				4953AF6129226825007039E2 /* Quote.swift */,
			);
			path = Details;
			sourceTree = "<group>";
		};
		499CBD08291F6B040062C58B = {
			isa = PBXGroup;
			children = (
				499CBD13291F6B040062C58B /* calico */,
				499CBD12291F6B040062C58B /* Products */,
				49445E852934C03100BF4119 /* Frameworks */,
			);
			sourceTree = "<group>";
		};
		499CBD12291F6B040062C58B /* Products */ = {
			isa = PBXGroup;
			children = (
				499CBD11291F6B040062C58B /* calico.app */,
			);
			name = Products;
			sourceTree = "<group>";
		};
		499CBD13291F6B040062C58B /* calico */ = {
			isa = PBXGroup;
			children = (
				499CBD14291F6B040062C58B /* AppDelegate.swift */,
				499CBD16291F6B040062C58B /* SceneDelegate.swift */,
				499CBD28291F777E0062C58B /* AppCoordinator.swift */,
				49ECACEC2922ACDA00712195 /* Scenes */,
				499B4E332920E5C5001CCBA3 /* Models */,
				49ECACF329234BA300712195 /* Data */,
				499CBD43292001EC0062C58B /* Network */,
				499CBD2E291F79F20062C58B /* Extensions */,
				499CBD2A291F787D0062C58B /* Protocols */,
				49445E842934B2AA00BF4119 /* Packages */,
				499CBD1D291F6B050062C58B /* Assets.xcassets */,
				499CBD1F291F6B050062C58B /* LaunchScreen.storyboard */,
				499CBD22291F6B050062C58B /* Info.plist */,
			);
			path = calico;
			sourceTree = "<group>";
		};
		499CBD2A291F787D0062C58B /* Protocols */ = {
			isa = PBXGroup;
			children = (
				499CBD2B291F788B0062C58B /* Coordinator.swift */,
				499CBD2F291FA7A00062C58B /* Reusable.swift */,
				49ECACEF29232EBC00712195 /* DiffabledDataSnapshotGeneratable.swift */,
			);
			path = Protocols;
			sourceTree = "<group>";
		};
		499CBD2E291F79F20062C58B /* Extensions */ = {
			isa = PBXGroup;
			children = (
				499CBD31291FA7B10062C58B /* UICollectionView.swift */,
				499CBD33291FA7C00062C58B /* UICollectionReusableView.swift */,
				49ECACF129233BEE00712195 /* UIViewController.swift */,
			);
			path = Extensions;
			sourceTree = "<group>";
		};
		499CBD35291FA7CD0062C58B /* Home */ = {
			isa = PBXGroup;
			children = (
				499CBD38291FEEA10062C58B /* HomeCoordinator.swift */,
				499CBD3A291FEF0D0062C58B /* HomeViewModel.swift */,
				499B4E42292235D4001CCBA3 /* HomeViewModel+LoadData.swift */,
				499CBD3C291FEF980062C58B /* HomeViewController.swift */,
				499CBD3E291FEFE30062C58B /* Items */,
			);
			path = Home;
			sourceTree = "<group>";
		};
		499CBD3E291FEFE30062C58B /* Items */ = {
			isa = PBXGroup;
			children = (
				499CBD3F291FEFF60062C58B /* ImageCollectionViewCell.swift */,
				499CBD41291FF01B0062C58B /* TitleCollectionHeaderSwiftUIView.swift */,
			);
			path = Items;
			sourceTree = "<group>";
		};
		499CBD43292001EC0062C58B /* Network */ = {
			isa = PBXGroup;
			children = (
				49ECACF62923777D00712195 /* NetworkMonitor.swift */,
			);
			path = Network;
			sourceTree = "<group>";
		};
		49ECACEC2922ACDA00712195 /* Scenes */ = {
			isa = PBXGroup;
			children = (
				499CBD35291FA7CD0062C58B /* Home */,
				4953AF6529229392007039E2 /* SeeAll */,
				499B4E4429224003001CCBA3 /* Details */,
				49ECACFC292381B000712195 /* CommonUI */,
			);
			path = Scenes;
			sourceTree = "<group>";
		};
		49ECACF329234BA300712195 /* Data */ = {
			isa = PBXGroup;
			children = (
				49445E812934771B00BF4119 /* Fetcher.swift */,
				49ECACED292323CF00712195 /* Database.swift */,
			);
			path = Data;
			sourceTree = "<group>";
		};
		49ECACFC292381B000712195 /* CommonUI */ = {
			isa = PBXGroup;
			children = (
				49ECACF42923742000712195 /* NoNetworkConnectionView.swift */,
				49ECACFA292381A100712195 /* NetworkReflectableUIViewController.swift */,
			);
			path = CommonUI;
			sourceTree = "<group>";
		};
/* End PBXGroup section */

/* Begin PBXNativeTarget section */
		499CBD10291F6B040062C58B /* calico */ = {
			isa = PBXNativeTarget;
			buildConfigurationList = 499CBD25291F6B050062C58B /* Build configuration list for PBXNativeTarget "calico" */;
			buildPhases = (
				499CBD0D291F6B040062C58B /* Sources */,
				499CBD0E291F6B040062C58B /* Frameworks */,
				499CBD0F291F6B040062C58B /* Resources */,
			);
			buildRules = (
			);
			dependencies = (
			);
			name = calico;
			packageProductDependencies = (
				499B4E37292127DE001CCBA3 /* Kingfisher */,
				49445E862934C03100BF4119 /* NetworkClient */,
			);
			productName = calico;
			productReference = 499CBD11291F6B040062C58B /* calico.app */;
			productType = "com.apple.product-type.application";
		};
/* End PBXNativeTarget section */

/* Begin PBXProject section */
		499CBD09291F6B040062C58B /* Project object */ = {
			isa = PBXProject;
			attributes = {
				BuildIndependentTargetsInParallel = 1;
				LastSwiftUpdateCheck = 1410;
				LastUpgradeCheck = 1410;
				TargetAttributes = {
					499CBD10291F6B040062C58B = {
						CreatedOnToolsVersion = 14.1;
					};
				};
			};
			buildConfigurationList = 499CBD0C291F6B040062C58B /* Build configuration list for PBXProject "calico" */;
			compatibilityVersion = "Xcode 14.0";
			developmentRegion = en;
			hasScannedForEncodings = 0;
			knownRegions = (
				en,
				Base,
			);
			mainGroup = 499CBD08291F6B040062C58B;
			packageReferences = (
				499B4E36292127DE001CCBA3 /* XCRemoteSwiftPackageReference "Kingfisher" */,
			);
			productRefGroup = 499CBD12291F6B040062C58B /* Products */;
			projectDirPath = "";
			projectRoot = "";
			targets = (
				499CBD10291F6B040062C58B /* calico */,
			);
		};
/* End PBXProject section */

/* Begin PBXResourcesBuildPhase section */
		499CBD0F291F6B040062C58B /* Resources */ = {
			isa = PBXResourcesBuildPhase;
			buildActionMask = 2147483647;
			files = (
				499CBD21291F6B050062C58B /* LaunchScreen.storyboard in Resources */,
				499CBD1E291F6B050062C58B /* Assets.xcassets in Resources */,
			);
			runOnlyForDeploymentPostprocessing = 0;
		};
/* End PBXResourcesBuildPhase section */

/* Begin PBXSourcesBuildPhase section */
		499CBD0D291F6B040062C58B /* Sources */ = {
			isa = PBXSourcesBuildPhase;
			buildActionMask = 2147483647;
			files = (
				499B4E3A2921401B001CCBA3 /* ImageSizeType.swift in Sources */,
				49ECACEE292323CF00712195 /* Database.swift in Sources */,
				499CBD30291FA7A00062C58B /* Reusable.swift in Sources */,
				4953AF69292295D1007039E2 /* SeeAllViewModel.swift in Sources */,
				49ECACF52923742000712195 /* NoNetworkConnectionView.swift in Sources */,
				4953AF5C29225293007039E2 /* QuoteView.swift in Sources */,
				499CBD42291FF01B0062C58B /* TitleCollectionHeaderSwiftUIView.swift in Sources */,
				49ECACF029232EBC00712195 /* DiffabledDataSnapshotGeneratable.swift in Sources */,
				499B4E322920CE34001CCBA3 /* CatModel.swift in Sources */,
				4953AF6429229158007039E2 /* GradientButtonStyle.swift in Sources */,
				4953AF67292295CA007039E2 /* SeeAllCoordinator.swift in Sources */,
				499CBD34291FA7C00062C58B /* UICollectionReusableView.swift in Sources */,
				499B4E4129220CD0001CCBA3 /* DisplayItem.swift in Sources */,
				49445E822934771B00BF4119 /* Fetcher.swift in Sources */,
				4953AF6029225EA5007039E2 /* PawsView.swift in Sources */,
				499CBD39291FEEA10062C58B /* HomeCoordinator.swift in Sources */,
				499B4E43292235D4001CCBA3 /* HomeViewModel+LoadData.swift in Sources */,
				499CBD3B291FEF0D0062C58B /* HomeViewModel.swift in Sources */,
				49ECACFB292381A100712195 /* NetworkReflectableUIViewController.swift in Sources */,
				499CBD29291F777E0062C58B /* AppCoordinator.swift in Sources */,
				4953AF6B292295D7007039E2 /* SeeAllViewController.swift in Sources */,
				499CBD32291FA7B10062C58B /* UICollectionView.swift in Sources */,
				499CBD40291FEFF60062C58B /* ImageCollectionViewCell.swift in Sources */,
				499CBD3D291FEF980062C58B /* HomeViewController.swift in Sources */,
				499CBD2C291F788B0062C58B /* Coordinator.swift in Sources */,
				4953AF6229226825007039E2 /* Quote.swift in Sources */,
				49ECACF72923777D00712195 /* NetworkMonitor.swift in Sources */,
				499B4E3F29220CBF001CCBA3 /* CollectionSection.swift in Sources */,
				49ECACF229233BEE00712195 /* UIViewController.swift in Sources */,
				499B4E46292242BD001CCBA3 /* DetailsView.swift in Sources */,
				499B4E3D29220CAB001CCBA3 /* CollectionItem.swift in Sources */,
				499CBD15291F6B040062C58B /* AppDelegate.swift in Sources */,
				499CBD17291F6B040062C58B /* SceneDelegate.swift in Sources */,
			);
			runOnlyForDeploymentPostprocessing = 0;
		};
/* End PBXSourcesBuildPhase section */

/* Begin PBXVariantGroup section */
		499CBD1F291F6B050062C58B /* LaunchScreen.storyboard */ = {
			isa = PBXVariantGroup;
			children = (
				499CBD20291F6B050062C58B /* Base */,
			);
			name = LaunchScreen.storyboard;
			sourceTree = "<group>";
		};
/* End PBXVariantGroup section */

/* Begin XCBuildConfiguration section */
		499CBD23291F6B050062C58B /* Debug */ = {
			isa = XCBuildConfiguration;
			buildSettings = {
				ALWAYS_SEARCH_USER_PATHS = NO;
				CLANG_ANALYZER_NONNULL = YES;
				CLANG_ANALYZER_NUMBER_OBJECT_CONVERSION = YES_AGGRESSIVE;
				CLANG_CXX_LANGUAGE_STANDARD = "gnu++20";
				CLANG_ENABLE_MODULES = YES;
				CLANG_ENABLE_OBJC_ARC = YES;
				CLANG_ENABLE_OBJC_WEAK = YES;
				CLANG_WARN_BLOCK_CAPTURE_AUTORELEASING = YES;
				CLANG_WARN_BOOL_CONVERSION = YES;
				CLANG_WARN_COMMA = YES;
				CLANG_WARN_CONSTANT_CONVERSION = YES;
				CLANG_WARN_DEPRECATED_OBJC_IMPLEMENTATIONS = YES;
				CLANG_WARN_DIRECT_OBJC_ISA_USAGE = YES_ERROR;
				CLANG_WARN_DOCUMENTATION_COMMENTS = YES;
				CLANG_WARN_EMPTY_BODY = YES;
				CLANG_WARN_ENUM_CONVERSION = YES;
				CLANG_WARN_INFINITE_RECURSION = YES;
				CLANG_WARN_INT_CONVERSION = YES;
				CLANG_WARN_NON_LITERAL_NULL_CONVERSION = YES;
				CLANG_WARN_OBJC_IMPLICIT_RETAIN_SELF = YES;
				CLANG_WARN_OBJC_LITERAL_CONVERSION = YES;
				CLANG_WARN_OBJC_ROOT_CLASS = YES_ERROR;
				CLANG_WARN_QUOTED_INCLUDE_IN_FRAMEWORK_HEADER = YES;
				CLANG_WARN_RANGE_LOOP_ANALYSIS = YES;
				CLANG_WARN_STRICT_PROTOTYPES = YES;
				CLANG_WARN_SUSPICIOUS_MOVE = YES;
				CLANG_WARN_UNGUARDED_AVAILABILITY = YES_AGGRESSIVE;
				CLANG_WARN_UNREACHABLE_CODE = YES;
				CLANG_WARN__DUPLICATE_METHOD_MATCH = YES;
				COPY_PHASE_STRIP = NO;
				DEBUG_INFORMATION_FORMAT = dwarf;
				ENABLE_STRICT_OBJC_MSGSEND = YES;
				ENABLE_TESTABILITY = YES;
				GCC_C_LANGUAGE_STANDARD = gnu11;
				GCC_DYNAMIC_NO_PIC = NO;
				GCC_NO_COMMON_BLOCKS = YES;
				GCC_OPTIMIZATION_LEVEL = 0;
				GCC_PREPROCESSOR_DEFINITIONS = (
					"DEBUG=1",
					"$(inherited)",
				);
				GCC_WARN_64_TO_32_BIT_CONVERSION = YES;
				GCC_WARN_ABOUT_RETURN_TYPE = YES_ERROR;
				GCC_WARN_UNDECLARED_SELECTOR = YES;
				GCC_WARN_UNINITIALIZED_AUTOS = YES_AGGRESSIVE;
				GCC_WARN_UNUSED_FUNCTION = YES;
				GCC_WARN_UNUSED_VARIABLE = YES;
				IPHONEOS_DEPLOYMENT_TARGET = 16.1;
				MTL_ENABLE_DEBUG_INFO = INCLUDE_SOURCE;
				MTL_FAST_MATH = YES;
				ONLY_ACTIVE_ARCH = YES;
				SDKROOT = iphoneos;
				SWIFT_ACTIVE_COMPILATION_CONDITIONS = DEBUG;
				SWIFT_OPTIMIZATION_LEVEL = "-Onone";
			};
			name = Debug;
		};
		499CBD24291F6B050062C58B /* Release */ = {
			isa = XCBuildConfiguration;
			buildSettings = {
				ALWAYS_SEARCH_USER_PATHS = NO;
				CLANG_ANALYZER_NONNULL = YES;
				CLANG_ANALYZER_NUMBER_OBJECT_CONVERSION = YES_AGGRESSIVE;
				CLANG_CXX_LANGUAGE_STANDARD = "gnu++20";
				CLANG_ENABLE_MODULES = YES;
				CLANG_ENABLE_OBJC_ARC = YES;
				CLANG_ENABLE_OBJC_WEAK = YES;
				CLANG_WARN_BLOCK_CAPTURE_AUTORELEASING = YES;
				CLANG_WARN_BOOL_CONVERSION = YES;
				CLANG_WARN_COMMA = YES;
				CLANG_WARN_CONSTANT_CONVERSION = YES;
				CLANG_WARN_DEPRECATED_OBJC_IMPLEMENTATIONS = YES;
				CLANG_WARN_DIRECT_OBJC_ISA_USAGE = YES_ERROR;
				CLANG_WARN_DOCUMENTATION_COMMENTS = YES;
				CLANG_WARN_EMPTY_BODY = YES;
				CLANG_WARN_ENUM_CONVERSION = YES;
				CLANG_WARN_INFINITE_RECURSION = YES;
				CLANG_WARN_INT_CONVERSION = YES;
				CLANG_WARN_NON_LITERAL_NULL_CONVERSION = YES;
				CLANG_WARN_OBJC_IMPLICIT_RETAIN_SELF = YES;
				CLANG_WARN_OBJC_LITERAL_CONVERSION = YES;
				CLANG_WARN_OBJC_ROOT_CLASS = YES_ERROR;
				CLANG_WARN_QUOTED_INCLUDE_IN_FRAMEWORK_HEADER = YES;
				CLANG_WARN_RANGE_LOOP_ANALYSIS = YES;
				CLANG_WARN_STRICT_PROTOTYPES = YES;
				CLANG_WARN_SUSPICIOUS_MOVE = YES;
				CLANG_WARN_UNGUARDED_AVAILABILITY = YES_AGGRESSIVE;
				CLANG_WARN_UNREACHABLE_CODE = YES;
				CLANG_WARN__DUPLICATE_METHOD_MATCH = YES;
				COPY_PHASE_STRIP = NO;
				DEBUG_INFORMATION_FORMAT = "dwarf-with-dsym";
				ENABLE_NS_ASSERTIONS = NO;
				ENABLE_STRICT_OBJC_MSGSEND = YES;
				GCC_C_LANGUAGE_STANDARD = gnu11;
				GCC_NO_COMMON_BLOCKS = YES;
				GCC_WARN_64_TO_32_BIT_CONVERSION = YES;
				GCC_WARN_ABOUT_RETURN_TYPE = YES_ERROR;
				GCC_WARN_UNDECLARED_SELECTOR = YES;
				GCC_WARN_UNINITIALIZED_AUTOS = YES_AGGRESSIVE;
				GCC_WARN_UNUSED_FUNCTION = YES;
				GCC_WARN_UNUSED_VARIABLE = YES;
				IPHONEOS_DEPLOYMENT_TARGET = 16.1;
				MTL_ENABLE_DEBUG_INFO = NO;
				MTL_FAST_MATH = YES;
				SDKROOT = iphoneos;
				SWIFT_COMPILATION_MODE = wholemodule;
				SWIFT_OPTIMIZATION_LEVEL = "-O";
				VALIDATE_PRODUCT = YES;
			};
			name = Release;
		};
		499CBD26291F6B050062C58B /* Debug */ = {
			isa = XCBuildConfiguration;
			buildSettings = {
				ASSETCATALOG_COMPILER_APPICON_NAME = AppIcon;
				ASSETCATALOG_COMPILER_GLOBAL_ACCENT_COLOR_NAME = AccentColor;
				CODE_SIGN_STYLE = Automatic;
				CURRENT_PROJECT_VERSION = 1;
				DEVELOPMENT_TEAM = 6QNRPCJX8C;
				GENERATE_INFOPLIST_FILE = YES;
				INFOPLIST_FILE = calico/Info.plist;
				INFOPLIST_KEY_CFBundleDisplayName = Calico;
				INFOPLIST_KEY_NSPhotoLibraryAddUsageDescription = "We need it to let you save your the cats you like";
				INFOPLIST_KEY_UIApplicationSupportsIndirectInputEvents = YES;
				INFOPLIST_KEY_UILaunchStoryboardName = LaunchScreen;
				INFOPLIST_KEY_UIMainStoryboardFile = "";
				INFOPLIST_KEY_UISupportedInterfaceOrientations = UIInterfaceOrientationPortrait;
				INFOPLIST_KEY_UISupportedInterfaceOrientations_iPad = "UIInterfaceOrientationLandscapeLeft UIInterfaceOrientationLandscapeRight UIInterfaceOrientationPortrait UIInterfaceOrientationPortraitUpsideDown";
				LD_RUNPATH_SEARCH_PATHS = (
					"$(inherited)",
					"@executable_path/Frameworks",
				);
				MARKETING_VERSION = 1.0;
				PRODUCT_BUNDLE_IDENTIFIER = com.sergiisimakhin.calico;
				PRODUCT_NAME = "$(TARGET_NAME)";
				SWIFT_EMIT_LOC_STRINGS = YES;
				SWIFT_VERSION = 5.0;
				TARGETED_DEVICE_FAMILY = "1,2";
			};
			name = Debug;
		};
		499CBD27291F6B050062C58B /* Release */ = {
			isa = XCBuildConfiguration;
			buildSettings = {
				ASSETCATALOG_COMPILER_APPICON_NAME = AppIcon;
				ASSETCATALOG_COMPILER_GLOBAL_ACCENT_COLOR_NAME = AccentColor;
				CODE_SIGN_STYLE = Automatic;
				CURRENT_PROJECT_VERSION = 1;
				DEVELOPMENT_TEAM = 6QNRPCJX8C;
				GENERATE_INFOPLIST_FILE = YES;
				INFOPLIST_FILE = calico/Info.plist;
				INFOPLIST_KEY_CFBundleDisplayName = Calico;
				INFOPLIST_KEY_NSPhotoLibraryAddUsageDescription = "We need it to let you save your the cats you like";
				INFOPLIST_KEY_UIApplicationSupportsIndirectInputEvents = YES;
				INFOPLIST_KEY_UILaunchStoryboardName = LaunchScreen;
				INFOPLIST_KEY_UIMainStoryboardFile = "";
				INFOPLIST_KEY_UISupportedInterfaceOrientations = UIInterfaceOrientationPortrait;
				INFOPLIST_KEY_UISupportedInterfaceOrientations_iPad = "UIInterfaceOrientationLandscapeLeft UIInterfaceOrientationLandscapeRight UIInterfaceOrientationPortrait UIInterfaceOrientationPortraitUpsideDown";
				LD_RUNPATH_SEARCH_PATHS = (
					"$(inherited)",
					"@executable_path/Frameworks",
				);
				MARKETING_VERSION = 1.0;
				PRODUCT_BUNDLE_IDENTIFIER = com.sergiisimakhin.calico;
				PRODUCT_NAME = "$(TARGET_NAME)";
				SWIFT_EMIT_LOC_STRINGS = YES;
				SWIFT_VERSION = 5.0;
				TARGETED_DEVICE_FAMILY = "1,2";
			};
			name = Release;
		};
/* End XCBuildConfiguration section */

/* Begin XCConfigurationList section */
		499CBD0C291F6B040062C58B /* Build configuration list for PBXProject "calico" */ = {
			isa = XCConfigurationList;
			buildConfigurations = (
				499CBD23291F6B050062C58B /* Debug */,
				499CBD24291F6B050062C58B /* Release */,
			);
			defaultConfigurationIsVisible = 0;
			defaultConfigurationName = Release;
		};
		499CBD25291F6B050062C58B /* Build configuration list for PBXNativeTarget "calico" */ = {
			isa = XCConfigurationList;
			buildConfigurations = (
				499CBD26291F6B050062C58B /* Debug */,
				499CBD27291F6B050062C58B /* Release */,
			);
			defaultConfigurationIsVisible = 0;
			defaultConfigurationName = Release;
		};
/* End XCConfigurationList section */

/* Begin XCRemoteSwiftPackageReference section */
		499B4E36292127DE001CCBA3 /* XCRemoteSwiftPackageReference "Kingfisher" */ = {
			isa = XCRemoteSwiftPackageReference;
			repositoryURL = "https://github.com/onevcat/Kingfisher.git";
			requirement = {
				kind = upToNextMajorVersion;
				minimumVersion = 7.0.0;
			};
		};
/* End XCRemoteSwiftPackageReference section */

/* Begin XCSwiftPackageProductDependency section */
		49445E862934C03100BF4119 /* NetworkClient */ = {
			isa = XCSwiftPackageProductDependency;
			productName = NetworkClient;
		};
		499B4E37292127DE001CCBA3 /* Kingfisher */ = {
			isa = XCSwiftPackageProductDependency;
			package = 499B4E36292127DE001CCBA3 /* XCRemoteSwiftPackageReference "Kingfisher" */;
			productName = Kingfisher;
		};
/* End XCSwiftPackageProductDependency section */
	};
	rootObject = 499CBD09291F6B040062C58B /* Project object */;
}
